
Microsoft Visual Studio Solution File, Format Version 12.00
# Visual Studio Version 17
VisualStudioVersion = 17.0.31903.59
MinimumVisualStudioVersion = 10.0.40219.1
Project("{2150E333-8FDC-42A3-9474-1A3956D46DE8}") = "src", "src", "{AD091654-4D5C-432C-A23F-A11465E15D82}"
EndProject
Project("{FAE04EC0-301F-11D3-BF4B-00C04F79EFBC}") = "AgentArmy.Cli", "src\AgentArmy.Cli\AgentArmy.Cli.csproj", "{7641115E-A855-4F40-92CD-67CBB5CE165B}"
EndProject
Global
	GlobalSection(SolutionConfigurationPlatforms) = preSolution
		Debug|Any CPU = Debug|Any CPU
		Release|Any CPU = Release|Any CPU
	EndGlobalSection
	GlobalSection(SolutionProperties) = preSolution
		HideSolutionNode = FALSE
	EndGlobalSection
	GlobalSection(ProjectConfigurationPlatforms) = postSolution
		{7641115E-A855-4F40-92CD-67CBB5CE165B}.Debug|Any CPU.ActiveCfg = Debug|Any CPU
		{7641115E-A855-4F40-92CD-67CBB5CE165B}.Debug|Any CPU.Build.0 = Debug|Any CPU
		{7641115E-A855-4F40-92CD-67CBB5CE165B}.Release|Any CPU.ActiveCfg = Release|Any CPU
		{7641115E-A855-4F40-92CD-67CBB5CE165B}.Release|Any CPU.Build.0 = Release|Any CPU
	EndGlobalSection
	GlobalSection(NestedProjects) = preSolution
		{7641115E-A855-4F40-92CD-67CBB5CE165B} = {AD091654-4D5C-432C-A23F-A11465E15D82}
	EndGlobalSection
EndGlobal
